PODS:
  - SnapKit (4.2.0)
  - SnapKitExtendPro (1.0.3):
    - SnapKit
  - SwiftExpand (5.2.4):
    - SnapKit

DEPENDENCIES:
  - SnapKit
  - SnapKitExtendPro (from `../`)
  - SwiftExpand

SPEC REPOS:
  https://github.com/CocoaPods/Specs.git:
    - SnapKit
    - SwiftExpand

EXTERNAL SOURCES:
  SnapKitExtendPro:
    :path: "../"

SPEC CHECKSUMS:
  SnapKit: fe8a619752f3f27075cc9a90244d75c6c3f27e2a
  SnapKitExtendPro: 39f55afc70a08795b6b67deb0338068786a2e78f
  SwiftExpand: 75a06a11c423ee933bcbd4d2094899d6052edd37

PODFILE CHECKSUM: 9508f1db5d8cb82ce1ec51d0c9e2a6d5be277726

COCOAPODS: 1.10.0
